
Microsoft Visual Studio Solution File, Format Version 12.00
Project("{FAE04EC0-301F-11D3-BF4B-00C04F79EFBC}") = "SevenWonders", "SevenWonders.csproj", "{990DB0E2-A50D-4AA6-A5A6-3D737770BD16}"
EndProject
Global
	GlobalSection(SolutionConfigurationPlatforms) = preSolution
		Debug|Any CPU = Debug|Any CPU
		Release|Any CPU = Release|Any CPU
	EndGlobalSection
	GlobalSection(ProjectConfigurationPlatforms) = postSolution
		{990DB0E2-A50D-4AA6-A5A6-3D737770BD16}.Debug|Any CPU.ActiveCfg = Debug|Any CPU
		{990DB0E2-A50D-4AA6-A5A6-3D737770BD16}.Debug|Any CPU.Build.0 = Debug|Any CPU
		{990DB0E2-A50D-4AA6-A5A6-3D737770BD16}.Release|Any CPU.ActiveCfg = Release|Any CPU
		{990DB0E2-A50D-4AA6-A5A6-3D737770BD16}.Release|Any CPU.Build.0 = Release|Any CPU
	EndGlobalSection
EndGlobal
